
Microsoft Visual Studio Solution File, Format Version 12.00
# Visual Studio Version 16
VisualStudioVersion = 16.0.31129.286
MinimumVisualStudioVersion = 10.0.40219.1
Project("{FAE04EC0-301F-11D3-BF4B-00C04F79EFBC}") = "Счета", "Счета\Счета.csproj", "{282D50EB-916B-4A43-86A6-D8EDBD1E55BC}"
EndProject
Global
	GlobalSection(SolutionConfigurationPlatforms) = preSolution
		Debug|Any CPU = Debug|Any CPU
		Release|Any CPU = Release|Any CPU
	EndGlobalSection
	GlobalSection(ProjectConfigurationPlatforms) = postSolution
		{282D50EB-916B-4A43-86A6-D8EDBD1E55BC}.Debug|Any CPU.ActiveCfg = Debug|Any CPU
		{282D50EB-916B-4A43-86A6-D8EDBD1E55BC}.Debug|Any CPU.Build.0 = Debug|Any CPU
		{282D50EB-916B-4A43-86A6-D8EDBD1E55BC}.Release|Any CPU.ActiveCfg = Release|Any CPU
		{282D50EB-916B-4A43-86A6-D8EDBD1E55BC}.Release|Any CPU.Build.0 = Release|Any CPU
	EndGlobalSection
	GlobalSection(SolutionProperties) = preSolution
		HideSolutionNode = FALSE
	EndGlobalSection
	GlobalSection(ExtensibilityGlobals) = postSolution
		SolutionGuid = {14FE93B3-9819-46D7-A932-A73E23A79822}
	EndGlobalSection
EndGlobal
