
Microsoft Visual Studio Solution File, Format Version 12.00
# Visual Studio Version 16
VisualStudioVersion = 16.0.29519.87
MinimumVisualStudioVersion = 10.0.40219.1
Project("{FAE04EC0-301F-11D3-BF4B-00C04F79EFBC}") = "Задание1.3", "Задание1.3\Задание1.3.csproj", "{B2E9C101-39EB-4E68-B3A9-804873070B9D}"
EndProject
Global
	GlobalSection(SolutionConfigurationPlatforms) = preSolution
		Debug|Any CPU = Debug|Any CPU
		Release|Any CPU = Release|Any CPU
	EndGlobalSection
	GlobalSection(ProjectConfigurationPlatforms) = postSolution
		{B2E9C101-39EB-4E68-B3A9-804873070B9D}.Debug|Any CPU.ActiveCfg = Debug|Any CPU
		{B2E9C101-39EB-4E68-B3A9-804873070B9D}.Debug|Any CPU.Build.0 = Debug|Any CPU
		{B2E9C101-39EB-4E68-B3A9-804873070B9D}.Release|Any CPU.ActiveCfg = Release|Any CPU
		{B2E9C101-39EB-4E68-B3A9-804873070B9D}.Release|Any CPU.Build.0 = Release|Any CPU
	EndGlobalSection
	GlobalSection(SolutionProperties) = preSolution
		HideSolutionNode = FALSE
	EndGlobalSection
	GlobalSection(ExtensibilityGlobals) = postSolution
		SolutionGuid = {CF4D79B5-262B-4BFD-AF24-EF09AC43E415}
	EndGlobalSection
EndGlobal
