
Microsoft Visual Studio Solution File, Format Version 12.00
# Visual Studio Version 16
VisualStudioVersion = 16.0.31129.286
MinimumVisualStudioVersion = 10.0.40219.1
Project("{FAE04EC0-301F-11D3-BF4B-00C04F79EFBC}") = "Задание1", "Задание1\Задание1.csproj", "{8B3D1656-785B-417C-AC49-0B37824ED551}"
EndProject
Global
	GlobalSection(SolutionConfigurationPlatforms) = preSolution
		Debug|Any CPU = Debug|Any CPU
		Release|Any CPU = Release|Any CPU
	EndGlobalSection
	GlobalSection(ProjectConfigurationPlatforms) = postSolution
		{8B3D1656-785B-417C-AC49-0B37824ED551}.Debug|Any CPU.ActiveCfg = Debug|Any CPU
		{8B3D1656-785B-417C-AC49-0B37824ED551}.Debug|Any CPU.Build.0 = Debug|Any CPU
		{8B3D1656-785B-417C-AC49-0B37824ED551}.Release|Any CPU.ActiveCfg = Release|Any CPU
		{8B3D1656-785B-417C-AC49-0B37824ED551}.Release|Any CPU.Build.0 = Release|Any CPU
	EndGlobalSection
	GlobalSection(SolutionProperties) = preSolution
		HideSolutionNode = FALSE
	EndGlobalSection
	GlobalSection(ExtensibilityGlobals) = postSolution
		SolutionGuid = {7E4F1CB4-09D7-4632-8906-E0100234C426}
	EndGlobalSection
EndGlobal
