
Microsoft Visual Studio Solution File, Format Version 12.00
# Visual Studio Version 16
VisualStudioVersion = 16.0.31129.286
MinimumVisualStudioVersion = 10.0.40219.1
Project("{FAE04EC0-301F-11D3-BF4B-00C04F79EFBC}") = "ReadAndWrite", "ReadAndWrite\ReadAndWrite.csproj", "{B1925F1D-560C-4A60-94F6-B0F2B8967D69}"
EndProject
Global
	GlobalSection(SolutionConfigurationPlatforms) = preSolution
		Debug|Any CPU = Debug|Any CPU
		Release|Any CPU = Release|Any CPU
	EndGlobalSection
	GlobalSection(ProjectConfigurationPlatforms) = postSolution
		{B1925F1D-560C-4A60-94F6-B0F2B8967D69}.Debug|Any CPU.ActiveCfg = Debug|Any CPU
		{B1925F1D-560C-4A60-94F6-B0F2B8967D69}.Debug|Any CPU.Build.0 = Debug|Any CPU
		{B1925F1D-560C-4A60-94F6-B0F2B8967D69}.Release|Any CPU.ActiveCfg = Release|Any CPU
		{B1925F1D-560C-4A60-94F6-B0F2B8967D69}.Release|Any CPU.Build.0 = Release|Any CPU
	EndGlobalSection
	GlobalSection(SolutionProperties) = preSolution
		HideSolutionNode = FALSE
	EndGlobalSection
	GlobalSection(ExtensibilityGlobals) = postSolution
		SolutionGuid = {2F074C4F-642A-4D9C-9D68-AA27F0FFA483}
	EndGlobalSection
EndGlobal
