
Microsoft Visual Studio Solution File, Format Version 12.00
# Visual Studio Version 16
VisualStudioVersion = 16.0.31129.286
MinimumVisualStudioVersion = 10.0.40219.1
Project("{FAE04EC0-301F-11D3-BF4B-00C04F79EFBC}") = "Массивы", "Массивы\Массивы.csproj", "{56194FEF-65CB-45E8-9413-EBDE3F9A068F}"
EndProject
Global
	GlobalSection(SolutionConfigurationPlatforms) = preSolution
		Debug|Any CPU = Debug|Any CPU
		Release|Any CPU = Release|Any CPU
	EndGlobalSection
	GlobalSection(ProjectConfigurationPlatforms) = postSolution
		{56194FEF-65CB-45E8-9413-EBDE3F9A068F}.Debug|Any CPU.ActiveCfg = Debug|Any CPU
		{56194FEF-65CB-45E8-9413-EBDE3F9A068F}.Debug|Any CPU.Build.0 = Debug|Any CPU
		{56194FEF-65CB-45E8-9413-EBDE3F9A068F}.Release|Any CPU.ActiveCfg = Release|Any CPU
		{56194FEF-65CB-45E8-9413-EBDE3F9A068F}.Release|Any CPU.Build.0 = Release|Any CPU
	EndGlobalSection
	GlobalSection(SolutionProperties) = preSolution
		HideSolutionNode = FALSE
	EndGlobalSection
	GlobalSection(ExtensibilityGlobals) = postSolution
		SolutionGuid = {8B322F7B-65CE-41C2-8249-1EDFCB84FC1A}
	EndGlobalSection
EndGlobal
