
Microsoft Visual Studio Solution File, Format Version 12.00
# Visual Studio Version 16
VisualStudioVersion = 16.0.31129.286
MinimumVisualStudioVersion = 10.0.40219.1
Project("{FAE04EC0-301F-11D3-BF4B-00C04F79EFBC}") = "Студенты", "Студенты\Студенты.csproj", "{BAACCD74-8ED1-4E65-9A2C-0AD49BD919C6}"
EndProject
Global
	GlobalSection(SolutionConfigurationPlatforms) = preSolution
		Debug|Any CPU = Debug|Any CPU
		Release|Any CPU = Release|Any CPU
	EndGlobalSection
	GlobalSection(ProjectConfigurationPlatforms) = postSolution
		{BAACCD74-8ED1-4E65-9A2C-0AD49BD919C6}.Debug|Any CPU.ActiveCfg = Debug|Any CPU
		{BAACCD74-8ED1-4E65-9A2C-0AD49BD919C6}.Debug|Any CPU.Build.0 = Debug|Any CPU
		{BAACCD74-8ED1-4E65-9A2C-0AD49BD919C6}.Release|Any CPU.ActiveCfg = Release|Any CPU
		{BAACCD74-8ED1-4E65-9A2C-0AD49BD919C6}.Release|Any CPU.Build.0 = Release|Any CPU
	EndGlobalSection
	GlobalSection(SolutionProperties) = preSolution
		HideSolutionNode = FALSE
	EndGlobalSection
	GlobalSection(ExtensibilityGlobals) = postSolution
		SolutionGuid = {F5C424CC-BBB2-488F-B052-989086E015F7}
	EndGlobalSection
EndGlobal
