
Microsoft Visual Studio Solution File, Format Version 12.00
# Visual Studio Version 16
VisualStudioVersion = 16.0.31129.286
MinimumVisualStudioVersion = 10.0.40219.1
Project("{FAE04EC0-301F-11D3-BF4B-00C04F79EFBC}") = "Массив7", "Массив7\Массив7.csproj", "{91633E53-0B0E-4D9F-9B56-E7B68D60F552}"
EndProject
Global
	GlobalSection(SolutionConfigurationPlatforms) = preSolution
		Debug|Any CPU = Debug|Any CPU
		Release|Any CPU = Release|Any CPU
	EndGlobalSection
	GlobalSection(ProjectConfigurationPlatforms) = postSolution
		{91633E53-0B0E-4D9F-9B56-E7B68D60F552}.Debug|Any CPU.ActiveCfg = Debug|Any CPU
		{91633E53-0B0E-4D9F-9B56-E7B68D60F552}.Debug|Any CPU.Build.0 = Debug|Any CPU
		{91633E53-0B0E-4D9F-9B56-E7B68D60F552}.Release|Any CPU.ActiveCfg = Release|Any CPU
		{91633E53-0B0E-4D9F-9B56-E7B68D60F552}.Release|Any CPU.Build.0 = Release|Any CPU
	EndGlobalSection
	GlobalSection(SolutionProperties) = preSolution
		HideSolutionNode = FALSE
	EndGlobalSection
	GlobalSection(ExtensibilityGlobals) = postSolution
		SolutionGuid = {85C6A78C-B053-44A7-9B5A-001E3D6CA083}
	EndGlobalSection
EndGlobal
